Microsoft Visual Studio Solution File, Format Version 12.00
# Visual Studio Version 17
VisualStudioVersion = 17.5.2.0
MinimumVisualStudioVersion = 10.0.40219.1
Project("{2150E333-8FDC-42A3-9474-1A3956D46DE8}") = "examples", "examples", "{B36A84DF-456D-A817-6EDD-3EC3E7F6E11F}"
EndProject
Project("{2150E333-8FDC-42A3-9474-1A3956D46DE8}") = "translate", "translate", "{3FDA5327-CD94-C1D2-58B1-2B52B11CCEDB}"
EndProject
Project("{2150E333-8FDC-42A3-9474-1A3956D46DE8}") = "dotnet", "dotnet", "{E4950D02-2F94-D6BC-6610-397BC93B7943}"
EndProject
Project("{FAE04EC0-301F-11D3-BF4B-00C04F79EFBC}") = "DeepLTranslateExample", "examples\translate\dotnet\DeepLTranslateExample.csproj", "{B8635624-DE44-7846-18EB-538236006CF5}"
EndProject
Global
	GlobalSection(SolutionConfigurationPlatforms) = preSolution
		Debug|Any CPU = Debug|Any CPU
		Release|Any CPU = Release|Any CPU
	EndGlobalSection
	GlobalSection(ProjectConfigurationPlatforms) = postSolution
		{B8635624-DE44-7846-18EB-538236006CF5}.Debug|Any CPU.ActiveCfg = Debug|Any CPU
		{B8635624-DE44-7846-18EB-538236006CF5}.Debug|Any CPU.Build.0 = Debug|Any CPU
		{B8635624-DE44-7846-18EB-538236006CF5}.Release|Any CPU.ActiveCfg = Release|Any CPU
		{B8635624-DE44-7846-18EB-538236006CF5}.Release|Any CPU.Build.0 = Release|Any CPU
	EndGlobalSection
	GlobalSection(SolutionProperties) = preSolution
		HideSolutionNode = FALSE
	EndGlobalSection
	GlobalSection(NestedProjects) = preSolution
		{3FDA5327-CD94-C1D2-58B1-2B52B11CCEDB} = {B36A84DF-456D-A817-6EDD-3EC3E7F6E11F}
		{E4950D02-2F94-D6BC-6610-397BC93B7943} = {3FDA5327-CD94-C1D2-58B1-2B52B11CCEDB}
		{B8635624-DE44-7846-18EB-538236006CF5} = {E4950D02-2F94-D6BC-6610-397BC93B7943}
	EndGlobalSection
	GlobalSection(ExtensibilityGlobals) = postSolution
		SolutionGuid = {47467C6A-D4D4-430E-9103-E6989D878EC3}
	EndGlobalSection
EndGlobal
