Microsoft Visual Studio Solution File, Format Version 12.00
# Visual Studio Version 17
VisualStudioVersion = 17.5.2.0
MinimumVisualStudioVersion = 10.0.40219.1
Project("{2150E333-8FDC-42A3-9474-1A3956D46DE8}") = "mcp-servers", "mcp-servers", "{AEBDB45B-DD0A-A971-3158-4BCF5302FEF3}"
EndProject
Project("{2150E333-8FDC-42A3-9474-1A3956D46DE8}") = "examples", "examples", "{B36A84DF-456D-A817-6EDD-3EC3E7F6E11F}"
EndProject
Project("{2150E333-8FDC-42A3-9474-1A3956D46DE8}") = "admin-mcp", "admin-mcp", "{DF52E4AA-5B30-57DC-82B2-E7863E9874F3}"
EndProject
Project("{2150E333-8FDC-42A3-9474-1A3956D46DE8}") = "dotnet", "dotnet", "{8B22B0A7-7DFF-20BD-1602-3CDFF37A1876}"
EndProject
Project("{FAE04EC0-301F-11D3-BF4B-00C04F79EFBC}") = "AdminMcp", "mcp-servers\admin-mcp\dotnet\AdminMcp.csproj", "{88AD8020-4360-5569-B864-046BCD21DDF9}"
EndProject
Project("{2150E333-8FDC-42A3-9474-1A3956D46DE8}") = "agent-mcp", "agent-mcp", "{258648B9-8212-C8E3-DBDE-0E46453A4663}"
EndProject
Project("{2150E333-8FDC-42A3-9474-1A3956D46DE8}") = "dotnet", "dotnet", "{35A9D2BD-CBD4-278A-D5B4-5253158DC600}"
EndProject
Project("{FAE04EC0-301F-11D3-BF4B-00C04F79EFBC}") = "AgentMcp", "mcp-servers\agent-mcp\dotnet\AgentMcp.csproj", "{B099EE0A-3640-54F0-4F11-F23B591777BA}"
EndProject
Project("{2150E333-8FDC-42A3-9474-1A3956D46DE8}") = "glossary-mcp", "glossary-mcp", "{AFEA6D93-BB31-573C-839A-BBADFAC1C5AE}"
EndProject
Project("{2150E333-8FDC-42A3-9474-1A3956D46DE8}") = "dotnet", "dotnet", "{A636C964-FD8F-A7A2-FAEE-4BBCE5F3071A}"
EndProject
Project("{FAE04EC0-301F-11D3-BF4B-00C04F79EFBC}") = "GlossaryMcp", "mcp-servers\glossary-mcp\dotnet\GlossaryMcp.csproj", "{54340420-0F51-AC00-557D-082C6FF1E78C}"
EndProject
Project("{2150E333-8FDC-42A3-9474-1A3956D46DE8}") = "translate-mcp", "translate-mcp", "{8DBF95A0-6FAC-4625-AFC1-7B4B26EB085B}"
EndProject
Project("{2150E333-8FDC-42A3-9474-1A3956D46DE8}") = "dotnet", "dotnet", "{7D0EE177-3F60-38BE-1B9D-2CD4F2CC86B9}"
EndProject
Project("{FAE04EC0-301F-11D3-BF4B-00C04F79EFBC}") = "TranslateMcp", "mcp-servers\translate-mcp\dotnet\TranslateMcp.csproj", "{EC9EC248-9BBE-75D9-AC0B-9E267C672BA2}"
EndProject
Project("{2150E333-8FDC-42A3-9474-1A3956D46DE8}") = "voice-mcp", "voice-mcp", "{E49AAAEA-953E-8245-A2C5-12D2EA8F86D0}"
EndProject
Project("{2150E333-8FDC-42A3-9474-1A3956D46DE8}") = "dotnet", "dotnet", "{CAE957B6-6269-6959-9757-2C212F0A5872}"
EndProject
Project("{FAE04EC0-301F-11D3-BF4B-00C04F79EFBC}") = "VoiceMcp", "mcp-servers\voice-mcp\dotnet\VoiceMcp.csproj", "{02472C07-19A3-D02D-6023-757B2294A693}"
EndProject
Project("{2150E333-8FDC-42A3-9474-1A3956D46DE8}") = "translate", "translate", "{3FDA5327-CD94-C1D2-58B1-2B52B11CCEDB}"
EndProject
Project("{2150E333-8FDC-42A3-9474-1A3956D46DE8}") = "translate-text", "translate-text", "{3C874EC4-A607-4891-26E3-DDD404D2F840}"
EndProject
Project("{2150E333-8FDC-42A3-9474-1A3956D46DE8}") = "dotnet", "dotnet", "{5661175E-95AC-2154-F55A-46FA14B8C4D3}"
EndProject
Project("{FAE04EC0-301F-11D3-BF4B-00C04F79EFBC}") = "DeepLTranslateTextExample", "examples\translate\translate-text\dotnet\DeepLTranslateTextExample.csproj", "{FD6304E4-BBBC-EC97-4D7F-CC39210766B1}"
EndProject
Project("{2150E333-8FDC-42A3-9474-1A3956D46DE8}") = "translate-with-context", "translate-with-context", "{D491FCE4-2A21-65AD-FF6C-6FFCD8C7FDCD}"
EndProject
Project("{2150E333-8FDC-42A3-9474-1A3956D46DE8}") = "dotnet", "dotnet", "{DC870E2D-6F8C-0CA1-1989-A25CDF21FEFD}"
EndProject
Project("{FAE04EC0-301F-11D3-BF4B-00C04F79EFBC}") = "DeepLTranslateWithContextExample", "examples\translate\translate-with-context\dotnet\DeepLTranslateWithContextExample.csproj", "{99A5B051-A3C1-2DBB-0B83-3163320CC65D}"
EndProject
Project("{2150E333-8FDC-42A3-9474-1A3956D46DE8}") = "translate-with-formality", "translate-with-formality", "{6D9B48AD-7F28-558F-C9A1-61615634FA09}"
EndProject
Project("{2150E333-8FDC-42A3-9474-1A3956D46DE8}") = "dotnet", "dotnet", "{CBB2D28D-2335-0AC2-DDE9-D1176FCBB95D}"
EndProject
Project("{FAE04EC0-301F-11D3-BF4B-00C04F79EFBC}") = "DeepLTranslateWithFormalityExample", "examples\translate\translate-with-formality\dotnet\DeepLTranslateWithFormalityExample.csproj", "{7805275B-CB7A-548A-3D50-4799BD9E9461}"
EndProject
Global
	GlobalSection(SolutionConfigurationPlatforms) = preSolution
		Debug|Any CPU = Debug|Any CPU
		Release|Any CPU = Release|Any CPU
	EndGlobalSection
	GlobalSection(ProjectConfigurationPlatforms) = postSolution
		{88AD8020-4360-5569-B864-046BCD21DDF9}.Debug|Any CPU.ActiveCfg = Debug|Any CPU
		{88AD8020-4360-5569-B864-046BCD21DDF9}.Debug|Any CPU.Build.0 = Debug|Any CPU
		{88AD8020-4360-5569-B864-046BCD21DDF9}.Release|Any CPU.ActiveCfg = Release|Any CPU
		{88AD8020-4360-5569-B864-046BCD21DDF9}.Release|Any CPU.Build.0 = Release|Any CPU
		{B099EE0A-3640-54F0-4F11-F23B591777BA}.Debug|Any CPU.ActiveCfg = Debug|Any CPU
		{B099EE0A-3640-54F0-4F11-F23B591777BA}.Debug|Any CPU.Build.0 = Debug|Any CPU
		{B099EE0A-3640-54F0-4F11-F23B591777BA}.Release|Any CPU.ActiveCfg = Release|Any CPU
		{B099EE0A-3640-54F0-4F11-F23B591777BA}.Release|Any CPU.Build.0 = Release|Any CPU
		{54340420-0F51-AC00-557D-082C6FF1E78C}.Debug|Any CPU.ActiveCfg = Debug|Any CPU
		{54340420-0F51-AC00-557D-082C6FF1E78C}.Debug|Any CPU.Build.0 = Debug|Any CPU
		{54340420-0F51-AC00-557D-082C6FF1E78C}.Release|Any CPU.ActiveCfg = Release|Any CPU
		{54340420-0F51-AC00-557D-082C6FF1E78C}.Release|Any CPU.Build.0 = Release|Any CPU
		{EC9EC248-9BBE-75D9-AC0B-9E267C672BA2}.Debug|Any CPU.ActiveCfg = Debug|Any CPU
		{EC9EC248-9BBE-75D9-AC0B-9E267C672BA2}.Debug|Any CPU.Build.0 = Debug|Any CPU
		{EC9EC248-9BBE-75D9-AC0B-9E267C672BA2}.Release|Any CPU.ActiveCfg = Release|Any CPU
		{EC9EC248-9BBE-75D9-AC0B-9E267C672BA2}.Release|Any CPU.Build.0 = Release|Any CPU
		{02472C07-19A3-D02D-6023-757B2294A693}.Debug|Any CPU.ActiveCfg = Debug|Any CPU
		{02472C07-19A3-D02D-6023-757B2294A693}.Debug|Any CPU.Build.0 = Debug|Any CPU
		{02472C07-19A3-D02D-6023-757B2294A693}.Release|Any CPU.ActiveCfg = Release|Any CPU
		{02472C07-19A3-D02D-6023-757B2294A693}.Release|Any CPU.Build.0 = Release|Any CPU
		{FD6304E4-BBBC-EC97-4D7F-CC39210766B1}.Debug|Any CPU.ActiveCfg = Debug|Any CPU
		{FD6304E4-BBBC-EC97-4D7F-CC39210766B1}.Debug|Any CPU.Build.0 = Debug|Any CPU
		{FD6304E4-BBBC-EC97-4D7F-CC39210766B1}.Release|Any CPU.ActiveCfg = Release|Any CPU
		{FD6304E4-BBBC-EC97-4D7F-CC39210766B1}.Release|Any CPU.Build.0 = Release|Any CPU
		{99A5B051-A3C1-2DBB-0B83-3163320CC65D}.Debug|Any CPU.ActiveCfg = Debug|Any CPU
		{99A5B051-A3C1-2DBB-0B83-3163320CC65D}.Debug|Any CPU.Build.0 = Debug|Any CPU
		{99A5B051-A3C1-2DBB-0B83-3163320CC65D}.Release|Any CPU.ActiveCfg = Release|Any CPU
		{99A5B051-A3C1-2DBB-0B83-3163320CC65D}.Release|Any CPU.Build.0 = Release|Any CPU
		{7805275B-CB7A-548A-3D50-4799BD9E9461}.Debug|Any CPU.ActiveCfg = Debug|Any CPU
		{7805275B-CB7A-548A-3D50-4799BD9E9461}.Debug|Any CPU.Build.0 = Debug|Any CPU
		{7805275B-CB7A-548A-3D50-4799BD9E9461}.Release|Any CPU.ActiveCfg = Release|Any CPU
		{7805275B-CB7A-548A-3D50-4799BD9E9461}.Release|Any CPU.Build.0 = Release|Any CPU
	EndGlobalSection
	GlobalSection(SolutionProperties) = preSolution
		HideSolutionNode = FALSE
	EndGlobalSection
	GlobalSection(NestedProjects) = preSolution
		{DF52E4AA-5B30-57DC-82B2-E7863E9874F3} = {AEBDB45B-DD0A-A971-3158-4BCF5302FEF3}
		{8B22B0A7-7DFF-20BD-1602-3CDFF37A1876} = {DF52E4AA-5B30-57DC-82B2-E7863E9874F3}
		{88AD8020-4360-5569-B864-046BCD21DDF9} = {8B22B0A7-7DFF-20BD-1602-3CDFF37A1876}
		{258648B9-8212-C8E3-DBDE-0E46453A4663} = {AEBDB45B-DD0A-A971-3158-4BCF5302FEF3}
		{35A9D2BD-CBD4-278A-D5B4-5253158DC600} = {258648B9-8212-C8E3-DBDE-0E46453A4663}
		{B099EE0A-3640-54F0-4F11-F23B591777BA} = {35A9D2BD-CBD4-278A-D5B4-5253158DC600}
		{AFEA6D93-BB31-573C-839A-BBADFAC1C5AE} = {AEBDB45B-DD0A-A971-3158-4BCF5302FEF3}
		{A636C964-FD8F-A7A2-FAEE-4BBCE5F3071A} = {AFEA6D93-BB31-573C-839A-BBADFAC1C5AE}
		{54340420-0F51-AC00-557D-082C6FF1E78C} = {A636C964-FD8F-A7A2-FAEE-4BBCE5F3071A}
		{8DBF95A0-6FAC-4625-AFC1-7B4B26EB085B} = {AEBDB45B-DD0A-A971-3158-4BCF5302FEF3}
		{7D0EE177-3F60-38BE-1B9D-2CD4F2CC86B9} = {8DBF95A0-6FAC-4625-AFC1-7B4B26EB085B}
		{EC9EC248-9BBE-75D9-AC0B-9E267C672BA2} = {7D0EE177-3F60-38BE-1B9D-2CD4F2CC86B9}
		{E49AAAEA-953E-8245-A2C5-12D2EA8F86D0} = {AEBDB45B-DD0A-A971-3158-4BCF5302FEF3}
		{CAE957B6-6269-6959-9757-2C212F0A5872} = {E49AAAEA-953E-8245-A2C5-12D2EA8F86D0}
		{02472C07-19A3-D02D-6023-757B2294A693} = {CAE957B6-6269-6959-9757-2C212F0A5872}
		{3FDA5327-CD94-C1D2-58B1-2B52B11CCEDB} = {B36A84DF-456D-A817-6EDD-3EC3E7F6E11F}
		{3C874EC4-A607-4891-26E3-DDD404D2F840} = {3FDA5327-CD94-C1D2-58B1-2B52B11CCEDB}
		{5661175E-95AC-2154-F55A-46FA14B8C4D3} = {3C874EC4-A607-4891-26E3-DDD404D2F840}
		{FD6304E4-BBBC-EC97-4D7F-CC39210766B1} = {5661175E-95AC-2154-F55A-46FA14B8C4D3}
		{D491FCE4-2A21-65AD-FF6C-6FFCD8C7FDCD} = {3FDA5327-CD94-C1D2-58B1-2B52B11CCEDB}
		{DC870E2D-6F8C-0CA1-1989-A25CDF21FEFD} = {D491FCE4-2A21-65AD-FF6C-6FFCD8C7FDCD}
		{99A5B051-A3C1-2DBB-0B83-3163320CC65D} = {DC870E2D-6F8C-0CA1-1989-A25CDF21FEFD}
		{6D9B48AD-7F28-558F-C9A1-61615634FA09} = {3FDA5327-CD94-C1D2-58B1-2B52B11CCEDB}
		{CBB2D28D-2335-0AC2-DDE9-D1176FCBB95D} = {6D9B48AD-7F28-558F-C9A1-61615634FA09}
		{7805275B-CB7A-548A-3D50-4799BD9E9461} = {CBB2D28D-2335-0AC2-DDE9-D1176FCBB95D}
	EndGlobalSection
	GlobalSection(ExtensibilityGlobals) = postSolution
		SolutionGuid = {AC4A6F63-DCDA-412F-8FBB-F1EFEEC16268}
	EndGlobalSection
EndGlobal
